Microsoft Visual Studio Solution File, Format Version 11.00
# Visual Studio 2008

Project("{0AAF244E-B9B6-A4B6-21C6-268C70D86BCE}") = "ShitOuttaLuck", "Assembly-CSharp-vs.csproj", "{6A0E9F96-A8B3-AE9A-EEF5-D6EDA9A2DCEA}"
EndProject
Project("{0AAF244E-B9B6-A4B6-21C6-268C70D86BCE}") = "ShitOuttaLuck", "Assembly-CSharp-Editor-vs.csproj", "{486DC267-D27F-0219-1189-39B48F7C6353}"
EndProject
Global
	GlobalSection(SolutionConfigurationPlatforms) = preSolution
		Debug|Any CPU = Debug|Any CPU
		Release|Any CPU = Release|Any CPU
	EndGlobalSection
	GlobalSection(ProjectConfigurationPlatforms) = postSolution
		{6A0E9F96-A8B3-AE9A-EEF5-D6EDA9A2DCEA}.Debug|Any CPU.ActiveCfg = Debug|Any CPU
		{6A0E9F96-A8B3-AE9A-EEF5-D6EDA9A2DCEA}.Debug|Any CPU.Build.0 = Debug|Any CPU
		{6A0E9F96-A8B3-AE9A-EEF5-D6EDA9A2DCEA}.Release|Any CPU.ActiveCfg = Release|Any CPU
		{6A0E9F96-A8B3-AE9A-EEF5-D6EDA9A2DCEA}.Release|Any CPU.Build.0 = Release|Any CPU
		{486DC267-D27F-0219-1189-39B48F7C6353}.Debug|Any CPU.ActiveCfg = Debug|Any CPU
		{486DC267-D27F-0219-1189-39B48F7C6353}.Debug|Any CPU.Build.0 = Debug|Any CPU
		{486DC267-D27F-0219-1189-39B48F7C6353}.Release|Any CPU.ActiveCfg = Release|Any CPU
		{486DC267-D27F-0219-1189-39B48F7C6353}.Release|Any CPU.Build.0 = Release|Any CPU
	EndGlobalSection
	GlobalSection(SolutionProperties) = preSolution
		HideSolutionNode = FALSE
	EndGlobalSection
			GlobalSection(MonoDevelopProperties) = preSolution
		StartupItem = Assembly-CSharp.csproj
		Policies = $0
		$0.TextStylePolicy = $1
		$1.inheritsSet = null
		$1.scope = text/x-csharp
		$0.CSharpFormattingPolicy = $2
		$2.inheritsSet = Mono
		$2.inheritsScope = text/x-csharp
		$2.scope = text/x-csharp
		$0.TextStylePolicy = $3
		$3.FileWidth = 120
		$3.TabWidth = 4
		$3.IndentWidth = 4
		$3.EolMarker = Unix
		$3.inheritsSet = Mono
		$3.inheritsScope = text/plain
		$3.scope = text/plain
	EndGlobalSection

EndGlobal
